<?xml version="1.0" encoding="utf-8"?>
<Project ToolsVersion="4.0" xmlns="http://schemas.microsoft.com/developer/msbuild/2003">
  <ItemGroup>
    <Filter Include="98.Default">
      <UniqueIdentifier>{b467f3ef-3a4f-4910-9d8b-32984f10175a}</UniqueIdentifier>
    </Filter>
    <Filter Include="00.MainApp">
      <UniqueIdentifier>{26f44b19-48b8-43fc-9375-cdf76bb234ec}</UniqueIdentifier>
    </Filter>
    <Filter Include="99.Defines">
      <UniqueIdentifier>{58c9acbd-476a-4f98-a5ff-d88db36efe19}</UniqueIdentifier>
    </Filter>
    <Filter Include="01.Levels">
      <UniqueIdentifier>{7e1d8f73-4353-4848-a46d-3724efe7e658}</UniqueIdentifier>
    </Filter>
    <Filter Include="02.GameObjects">
      <UniqueIdentifier>{6545733c-14dc-4cec-8e7c-3e5b0ad75c3f}</UniqueIdentifier>
    </Filter>
    <Filter Include="01.Levels\00.Loader">
      <UniqueIdentifier>{d34b4313-2969-4649-ac63-5be3b1783f75}</UniqueIdentifier>
    </Filter>
    <Filter Include="01.Levels\01.Logo">
      <UniqueIdentifier>{5267b1be-398c-4f1f-8043-c7305aa0e1d2}</UniqueIdentifier>
    </Filter>
    <Filter Include="01.Levels\02.GamePlay">
      <UniqueIdentifier>{35c5c360-0a21-4524-b3bd-78fd1a809214}</UniqueIdentifier>
    </Filter>
    <Filter Include="97.ShaderFiles">
      <UniqueIdentifier>{ffd39a2b-4897-4694-bc2f-d9c96bf2d061}</UniqueIdentifier>
    </Filter>
    <Filter Include="02.GameObjects\00.BaseObj">
      <UniqueIdentifier>{3c7378a6-3e37-486a-b9ee-fc1f1825002c}</UniqueIdentifier>
    </Filter>
    <Filter Include="01.Levels\03.TailCave">
      <UniqueIdentifier>{ad8ba1ec-e482-40ae-b02f-775c9db6d21b}</UniqueIdentifier>
    </Filter>
    <Filter Include="94.CollisionMgr">
      <UniqueIdentifier>{30a8f8a5-3e7e-4b8b-9e02-4c3a30fa0e3b}</UniqueIdentifier>
    </Filter>
    <Filter Include="02.GameObjects\04.Bullet">
      <UniqueIdentifier>{84b03df0-49c8-454a-bf6d-0b5554e73cc4}</UniqueIdentifier>
    </Filter>
    <Filter Include="02.GameObjects\04.Bullet\00.MonsterBullet">
      <UniqueIdentifier>{77e60bdc-6388-4a8a-a552-b3ce200b3b8a}</UniqueIdentifier>
    </Filter>
    <Filter Include="02.GameObjects\04.Bullet\01.PlayerBullet">
      <UniqueIdentifier>{a01df109-d708-4035-937d-125f61229e8d}</UniqueIdentifier>
    </Filter>
    <Filter Include="93.DataManager">
      <UniqueIdentifier>{51f6e595-97c0-4eaa-88ff-4ef974a2adec}</UniqueIdentifier>
    </Filter>
    <Filter Include="01.Levels\04.Room">
      <UniqueIdentifier>{cf1ac70c-25d7-4a2d-9bd6-7bcbcc16c912}</UniqueIdentifier>
    </Filter>
    <Filter Include="01.Levels\05.Tower">
      <UniqueIdentifier>{e2affbcc-6e32-48ec-ba3c-2fe90b8f676f}</UniqueIdentifier>
    </Filter>
    <Filter Include="02.GameObjects\01.Actor">
      <UniqueIdentifier>{37818c69-d823-4610-b55b-7f269da22e55}</UniqueIdentifier>
    </Filter>
    <Filter Include="02.GameObjects\02.NonAnimObject">
      <UniqueIdentifier>{702373a4-8bfc-4fcf-b1a3-b6e9013b66eb}</UniqueIdentifier>
    </Filter>
    <Filter Include="02.GameObjects\02.NonAnimObject\02.DgnKey">
      <UniqueIdentifier>{a763ca3b-af19-4589-8029-c83bf2105c38}</UniqueIdentifier>
    </Filter>
    <Filter Include="02.GameObjects\02.NonAnimObject\03.CollapseTile">
      <UniqueIdentifier>{2f24d655-b332-4ef9-9eeb-ad3bf5355fa5}</UniqueIdentifier>
    </Filter>
    <Filter Include="02.GameObjects\02.NonAnimObject\04.SquareBlock">
      <UniqueIdentifier>{75a6af79-4d70-472d-8782-ce6af3fa590c}</UniqueIdentifier>
    </Filter>
    <Filter Include="02.GameObjects\02.NonAnimObject\05.Portal">
      <UniqueIdentifier>{30af3763-4fa6-485f-a9a9-c6f8e074088d}</UniqueIdentifier>
    </Filter>
    <Filter Include="02.GameObjects\02.NonAnimObject\06.PrizeItem">
      <UniqueIdentifier>{59264d96-cec9-4d0c-a0e1-2ba39fb57a9b}</UniqueIdentifier>
    </Filter>
    <Filter Include="02.GameObjects\02.NonAnimObject\07.Grass">
      <UniqueIdentifier>{7846b7eb-1e36-4ca2-962a-d07170beec4e}</UniqueIdentifier>
    </Filter>
    <Filter Include="02.GameObjects\02.NonAnimObject\08.Crane">
      <UniqueIdentifier>{a54f2e90-1238-43cc-bac3-c11f8e240973}</UniqueIdentifier>
    </Filter>
    <Filter Include="02.GameObjects\02.NonAnimObject\01.Background">
      <UniqueIdentifier>{6cd33bd8-14ca-4499-8f92-7d7ff986c039}</UniqueIdentifier>
    </Filter>
    <Filter Include="02.GameObjects\03.AnimObject">
      <UniqueIdentifier>{0dd72c5c-1e22-492a-8380-0dd9ba87836a}</UniqueIdentifier>
    </Filter>
    <Filter Include="02.GameObjects\03.AnimObject\01.FootSwitch">
      <UniqueIdentifier>{acdfb9fa-9e30-4e97-800a-c3cdb52d4b0e}</UniqueIdentifier>
    </Filter>
    <Filter Include="02.GameObjects\03.AnimObject\00.Treasurebox">
      <UniqueIdentifier>{99921f31-1be4-4c3b-b755-589da03728ec}</UniqueIdentifier>
    </Filter>
    <Filter Include="02.GameObjects\03.AnimObject\02.Door">
      <UniqueIdentifier>{1fdb551f-2a8b-4a21-9bef-48e04789f46e}</UniqueIdentifier>
    </Filter>
    <Filter Include="02.GameObjects\03.AnimObject\03.BladeTrap">
      <UniqueIdentifier>{8721f067-9032-484c-bec4-20c3e5fdab24}</UniqueIdentifier>
    </Filter>
    <Filter Include="02.GameObjects\03.AnimObject\04.CraneButton">
      <UniqueIdentifier>{afdfe9d9-9ae0-453f-8f2e-722bbeace43b}</UniqueIdentifier>
    </Filter>
    <Filter Include="02.GameObjects\03.AnimObject\05.AnimDecoObject">
      <UniqueIdentifier>{ee7a90cc-9992-4dc5-8c7f-f79df7c009da}</UniqueIdentifier>
    </Filter>
    <Filter Include="03.UI">
      <UniqueIdentifier>{db326884-8e5c-47c6-bd6b-1b276e8834a9}</UniqueIdentifier>
    </Filter>
    <Filter Include="03.UI\00. ObjUI%28Base%29">
      <UniqueIdentifier>{c5474d07-5e19-48f3-a029-fbff9831b93d}</UniqueIdentifier>
    </Filter>
    <Filter Include="03.UI\02. Inventory">
      <UniqueIdentifier>{a03ca03d-fc3c-4419-847f-970cb5a55716}</UniqueIdentifier>
    </Filter>
    <Filter Include="03.UI\02. Inventory\00. InvenTile">
      <UniqueIdentifier>{37acfc00-5104-4b3a-9122-478460e1c85b}</UniqueIdentifier>
    </Filter>
    <Filter Include="03.UI\02. Inventory\01. InvenItem">
      <UniqueIdentifier>{98a8fba2-465d-43fd-9bba-0ccc270e4b67}</UniqueIdentifier>
    </Filter>
    <Filter Include="03.UI\03. PlayerState">
      <UniqueIdentifier>{c158d6cc-1b69-4972-9042-26d179eca7c9}</UniqueIdentifier>
    </Filter>
    <Filter Include="03.UI\05. MessageBox">
      <UniqueIdentifier>{be2b1e41-6c34-430d-9f63-a569e70b4a20}</UniqueIdentifier>
    </Filter>
    <Filter Include="03.UI\Manager">
      <UniqueIdentifier>{4d942a95-98cf-4133-bfb4-abb1a532e3b1}</UniqueIdentifier>
    </Filter>
    <Filter Include="04.Camera">
      <UniqueIdentifier>{55d7a379-9b3f-44de-b2a6-a82b799e9ebb}</UniqueIdentifier>
    </Filter>
    <Filter Include="04.Camera\00.Dynamic">
      <UniqueIdentifier>{ee3116ca-37dc-4973-8974-89f3c24106c8}</UniqueIdentifier>
    </Filter>
    <Filter Include="04.Camera\01.2DCam">
      <UniqueIdentifier>{d5aa3d88-0a33-4dfd-bc33-691978807bf0}</UniqueIdentifier>
    </Filter>
    <Filter Include="04.Camera\Manager">
      <UniqueIdentifier>{1eb0408d-401f-4ecf-9026-c603f46dbc8b}</UniqueIdentifier>
    </Filter>
    <Filter Include="02.GameObjects\05.Effect">
      <UniqueIdentifier>{0abf4918-cf98-48f3-9c99-83243c37b609}</UniqueIdentifier>
    </Filter>
    <Filter Include="02.GameObjects\05.Effect\PlayerEffect">
      <UniqueIdentifier>{d00c9424-8da9-4b50-8ac2-060275fc3b44}</UniqueIdentifier>
    </Filter>
    <Filter Include="02.GameObjects\05.Effect\ObjectEffect">
      <UniqueIdentifier>{fdadcf74-4a1a-4072-a8c2-a3eebbc023a3}</UniqueIdentifier>
    </Filter>
    <Filter Include="02.GameObjects\05.Effect\FightEffect">
      <UniqueIdentifier>{bdee52db-8683-4483-9131-df1eeace1cfc}</UniqueIdentifier>
    </Filter>
    <Filter Include="02.GameObjects\05.Effect\MonsterEffect">
      <UniqueIdentifier>{41846995-5261-473e-b224-516eac694efc}</UniqueIdentifier>
    </Filter>
    <Filter Include="02.GameObjects\01.Actor\00.Player">
      <UniqueIdentifier>{2a2f6828-11ef-4b28-a218-49dc0b8693d6}</UniqueIdentifier>
    </Filter>
    <Filter Include="02.GameObjects\01.Actor\00.Player\Weapon">
      <UniqueIdentifier>{48ef9c7f-970a-44b0-96ec-7ff3f84bb05d}</UniqueIdentifier>
    </Filter>
    <Filter Include="02.GameObjects\01.Actor\01.Monster">
      <UniqueIdentifier>{176bbdcc-cb7d-42f6-8ed7-b6ae261f9ea1}</UniqueIdentifier>
    </Filter>
    <Filter Include="02.GameObjects\01.Actor\01.Monster\00.Octorock">
      <UniqueIdentifier>{f0d3fb72-495a-48e4-9f30-554b6b7b10d7}</UniqueIdentifier>
    </Filter>
    <Filter Include="02.GameObjects\01.Actor\01.Monster\01.MoblinSword">
      <UniqueIdentifier>{1ea90761-5912-46ea-a861-ce80f25ae670}</UniqueIdentifier>
    </Filter>
    <Filter Include="02.GameObjects\01.Actor\01.Monster\02.Rola">
      <UniqueIdentifier>{277fde18-006f-4e25-bf82-100d2c0979fc}</UniqueIdentifier>
    </Filter>
    <Filter Include="02.GameObjects\01.Actor\01.Monster\03.Pawn">
      <UniqueIdentifier>{36fe2785-0cd5-41fe-bdf4-789eb567803b}</UniqueIdentifier>
    </Filter>
    <Filter Include="02.GameObjects\01.Actor\01.Monster\05.TailBoss">
      <UniqueIdentifier>{c02f26b0-f6e7-4339-ba1b-7894cfbe7b3a}</UniqueIdentifier>
    </Filter>
    <Filter Include="02.GameObjects\01.Actor\01.Monster\04.BuzzBlob">
      <UniqueIdentifier>{a8622992-5935-4f83-809f-1d164b6b78bd}</UniqueIdentifier>
    </Filter>
    <Filter Include="02.GameObjects\01.Actor\01.Monster\06.RedZol">
      <UniqueIdentifier>{a26cceaa-cd44-49cf-9e87-748752733c87}</UniqueIdentifier>
    </Filter>
    <Filter Include="02.GameObjects\01.Actor\01.Monster\07.Keese">
      <UniqueIdentifier>{97c7ffc2-0d5c-4c3f-968e-a991e8dc1945}</UniqueIdentifier>
    </Filter>
    <Filter Include="02.GameObjects\01.Actor\01.Monster\08.Tail">
      <UniqueIdentifier>{4469c2a0-c4ac-42cb-9245-bec1fb6535f2}</UniqueIdentifier>
    </Filter>
    <Filter Include="02.GameObjects\01.Actor\01.Monster\09.Togezo">
      <UniqueIdentifier>{fbfa1714-8b60-47e5-9304-34f66add9510}</UniqueIdentifier>
    </Filter>
    <Filter Include="02.GameObjects\01.Actor\01.Monster\10.Cucco">
      <UniqueIdentifier>{7834f938-0a3d-4887-acab-2bc5b356a5dd}</UniqueIdentifier>
    </Filter>
    <Filter Include="02.GameObjects\01.Actor\01.Monster\11.Albatoss">
      <UniqueIdentifier>{a4498069-8626-4373-aa89-38db76ac8b33}</UniqueIdentifier>
    </Filter>
    <Filter Include="02.GameObjects\01.Actor\02.Npc">
      <UniqueIdentifier>{53e39c73-5ecb-4f35-816d-7aba84d4a436}</UniqueIdentifier>
    </Filter>
    <Filter Include="02.GameObjects\01.Actor\02.Npc\ShopNpc">
      <UniqueIdentifier>{02854cb7-cf41-4393-b59d-3869a1b2756b}</UniqueIdentifier>
    </Filter>
    <Filter Include="02.GameObjects\01.Actor\02.Npc\MarinNpc">
      <UniqueIdentifier>{ec869e40-566e-4cb6-ade4-be3539948f03}</UniqueIdentifier>
    </Filter>
    <Filter Include="02.GameObjects\01.Actor\02.Npc\CraneGameNpc">
      <UniqueIdentifier>{2aaa7c1d-1d00-4c8d-8dfa-c9c511ee790b}</UniqueIdentifier>
    </Filter>
    <Filter Include="02.GameObjects\01.Actor\02.Npc\FieldNpc">
      <UniqueIdentifier>{39707b96-105f-4b83-8003-56dd958cec09}</UniqueIdentifier>
    </Filter>
    <Filter Include="02.GameObjects\01.Actor\02.Npc\TarinNpc">
      <UniqueIdentifier>{6aed2e3f-63e4-4bad-a215-8345ffe1dded}</UniqueIdentifier>
    </Filter>
    <Filter Include="03.UI\06. NameBox">
      <UniqueIdentifier>{f298ce46-a612-471b-8182-d01c8bc5f337}</UniqueIdentifier>
    </Filter>
    <Filter Include="03.UI\07. UIEffect">
      <UniqueIdentifier>{baf4a0f7-624a-4fde-b35e-49bf9b1981da}</UniqueIdentifier>
    </Filter>
    <Filter Include="03.UI\08. Icon">
      <UniqueIdentifier>{b8591639-b497-4480-a8bb-e38d99eafa35}</UniqueIdentifier>
    </Filter>
    <Filter Include="03.UI\01. Screen">
      <UniqueIdentifier>{57566d9b-4982-490a-9436-a60395b8dd99}</UniqueIdentifier>
    </Filter>
    <Filter Include="03.UI\04. Button">
      <UniqueIdentifier>{1301e89d-dc8c-4c2b-bb34-ee43c21d52d0}</UniqueIdentifier>
    </Filter>
    <Filter Include="01.Levels\06.End">
      <UniqueIdentifier>{360e5f15-87eb-485d-ab4b-2cea8a71fcec}</UniqueIdentifier>
    </Filter>
    <Filter Include="02.GameObjects\05.Effect\ObjectEffect\Fire">
      <UniqueIdentifier>{c6c9f056-9303-454d-9af0-a0f2b52c98df}</UniqueIdentifier>
    </Filter>
    <Filter Include="02.GameObjects\05.Effect\ObjectEffect\TreasureBox">
      <UniqueIdentifier>{56041f3a-d0c9-45f0-a4b1-00ca96602460}</UniqueIdentifier>
    </Filter>
    <Filter Include="02.GameObjects\05.Effect\PlayerEffect\SwordTrail">
      <UniqueIdentifier>{b620b9bc-66da-4170-b95a-9cce00f3b7e8}</UniqueIdentifier>
    </Filter>
  </ItemGroup>
  <ItemGroup>
    <Text Include="ReadMe.txt" />
  </ItemGroup>
  <ItemGroup>
    <ClInclude Include="Client.h">
      <Filter>98.Default</Filter>
    </ClInclude>
    <ClInclude Include="Resource.h">
      <Filter>98.Default</Filter>
    </ClInclude>
    <ClInclude Include="stdafx.h">
      <Filter>98.Default</Filter>
    </ClInclude>
    <ClInclude Include="targetver.h">
      <Filter>98.Default</Filter>
    </ClInclude>
    <ClInclude Include="..\Public\MainApp.h">
      <Filter>00.MainApp</Filter>
    </ClInclude>
    <ClInclude Include="..\Public\Client_Defines.h">
      <Filter>99.Defines</Filter>
    </ClInclude>
    <ClInclude Include="..\Public\Level_GamePlay.h">
      <Filter>01.Levels\02.GamePlay</Filter>
    </ClInclude>
    <ClInclude Include="..\Public\Level_Loading.h">
      <Filter>01.Levels\00.Loader</Filter>
    </ClInclude>
    <ClInclude Include="..\Public\Loader.h">
      <Filter>01.Levels\00.Loader</Filter>
    </ClInclude>
    <ClInclude Include="..\Public\Level_Logo.h">
      <Filter>01.Levels\01.Logo</Filter>
    </ClInclude>
    <ClInclude Include="..\Public\Terrain.h">
      <Filter>02.GameObjects\02.NonAnimObject\01.Background</Filter>
    </ClInclude>
    <ClInclude Include="..\Public\Camera_Dynamic.h">
      <Filter>04.Camera\00.Dynamic</Filter>
    </ClInclude>
    <ClInclude Include="..\Public\InvenTile.h">
      <Filter>03.UI\02. Inventory\00. InvenTile</Filter>
    </ClInclude>
    <ClInclude Include="..\Public\Obj_UI.h">
      <Filter>03.UI\00. ObjUI%28Base%29</Filter>
    </ClInclude>
    <ClInclude Include="..\Public\UIButton.h">
      <Filter>03.UI\04. Button</Filter>
    </ClInclude>
    <ClInclude Include="..\Public\InvenItem.h">
      <Filter>03.UI\02. Inventory\01. InvenItem</Filter>
    </ClInclude>
    <ClInclude Include="..\Public\BaseObj.h">
      <Filter>02.GameObjects\00.BaseObj</Filter>
    </ClInclude>
    <ClInclude Include="..\Public\Player.h">
      <Filter>02.GameObjects\01.Actor\00.Player</Filter>
    </ClInclude>
    <ClInclude Include="..\..\..\Bin\ShaderFiles\Client_Shader_Defines.hpp">
      <Filter>97.ShaderFiles</Filter>
    </ClInclude>
    <ClInclude Include="..\Public\Monster.h">
      <Filter>02.GameObjects\01.Actor\01.Monster</Filter>
    </ClInclude>
    <ClInclude Include="..\Public\Octorock.h">
      <Filter>02.GameObjects\01.Actor\01.Monster\00.Octorock</Filter>
    </ClInclude>
    <ClInclude Include="..\Public\MoblinSword.h">
      <Filter>02.GameObjects\01.Actor\01.Monster\01.MoblinSword</Filter>
    </ClInclude>
    <ClInclude Include="..\Public\NonAnim.h">
      <Filter>02.GameObjects\02.NonAnimObject</Filter>
    </ClInclude>
    <ClInclude Include="..\Public\Level_TailCave.h">
      <Filter>01.Levels\03.TailCave</Filter>
    </ClInclude>
    <ClInclude Include="..\Public\Rola.h">
      <Filter>02.GameObjects\01.Actor\01.Monster\02.Rola</Filter>
    </ClInclude>
    <ClInclude Include="..\Public\Collision_Manger.h">
      <Filter>94.CollisionMgr</Filter>
    </ClInclude>
    <ClInclude Include="..\Public\MonsterBullet.h">
      <Filter>02.GameObjects\04.Bullet\00.MonsterBullet</Filter>
    </ClInclude>
    <ClInclude Include="..\Public\PlayerBullet.h">
      <Filter>02.GameObjects\04.Bullet\01.PlayerBullet</Filter>
    </ClInclude>
    <ClInclude Include="..\Public\Weapon.h">
      <Filter>02.GameObjects\01.Actor\00.Player\Weapon</Filter>
    </ClInclude>
    <ClInclude Include="..\Public\Pawn.h">
      <Filter>02.GameObjects\01.Actor\01.Monster\03.Pawn</Filter>
    </ClInclude>
    <ClInclude Include="..\Public\DgnKey.h">
      <Filter>02.GameObjects\02.NonAnimObject\02.DgnKey</Filter>
    </ClInclude>
    <ClInclude Include="..\Public\PlayerState.h">
      <Filter>03.UI\03. PlayerState</Filter>
    </ClInclude>
    <ClInclude Include="..\Public\TreasureBox.h">
      <Filter>02.GameObjects\03.AnimObject\00.Treasurebox</Filter>
    </ClInclude>
    <ClInclude Include="..\Public\FootSwitch.h">
      <Filter>02.GameObjects\03.AnimObject\01.FootSwitch</Filter>
    </ClInclude>
    <ClInclude Include="..\Public\Data_Manager.h">
      <Filter>93.DataManager</Filter>
    </ClInclude>
    <ClInclude Include="..\Public\MessageBox.h">
      <Filter>03.UI\05. MessageBox</Filter>
    </ClInclude>
    <ClInclude Include="..\Public\BuzzBlob.h">
      <Filter>02.GameObjects\01.Actor\01.Monster\04.BuzzBlob</Filter>
    </ClInclude>
    <ClInclude Include="..\Public\TailBoss.h">
      <Filter>02.GameObjects\01.Actor\01.Monster\05.TailBoss</Filter>
    </ClInclude>
    <ClInclude Include="..\Public\CollapseTile.h">
      <Filter>02.GameObjects\02.NonAnimObject\03.CollapseTile</Filter>
    </ClInclude>
    <ClInclude Include="..\Public\Door.h">
      <Filter>02.GameObjects\03.AnimObject\02.Door</Filter>
    </ClInclude>
    <ClInclude Include="..\Public\RedZol.h">
      <Filter>02.GameObjects\01.Actor\01.Monster\06.RedZol</Filter>
    </ClInclude>
    <ClInclude Include="..\Public\Keese.h">
      <Filter>02.GameObjects\01.Actor\01.Monster\07.Keese</Filter>
    </ClInclude>
    <ClInclude Include="..\Public\SquareBlock.h">
      <Filter>02.GameObjects\02.NonAnimObject\04.SquareBlock</Filter>
    </ClInclude>
    <ClInclude Include="..\Public\Tail.h">
      <Filter>02.GameObjects\01.Actor\01.Monster\08.Tail</Filter>
    </ClInclude>
    <ClInclude Include="..\Public\Togezo.h">
      <Filter>02.GameObjects\01.Actor\01.Monster\09.Togezo</Filter>
    </ClInclude>
    <ClInclude Include="..\Public\BladeTrap.h">
      <Filter>02.GameObjects\03.AnimObject\03.BladeTrap</Filter>
    </ClInclude>
    <ClInclude Include="..\Public\Portal.h">
      <Filter>02.GameObjects\02.NonAnimObject\05.Portal</Filter>
    </ClInclude>
    <ClInclude Include="..\Public\Camera_2D.h">
      <Filter>04.Camera\01.2DCam</Filter>
    </ClInclude>
    <ClInclude Include="..\Public\PrizeItem.h">
      <Filter>02.GameObjects\02.NonAnimObject\06.PrizeItem</Filter>
    </ClInclude>
    <ClInclude Include="..\Public\Grass.h">
      <Filter>02.GameObjects\02.NonAnimObject\07.Grass</Filter>
    </ClInclude>
    <ClInclude Include="..\Public\Level_Room.h">
      <Filter>01.Levels\04.Room</Filter>
    </ClInclude>
    <ClInclude Include="..\Public\Npc.h">
      <Filter>02.GameObjects\01.Actor\02.Npc</Filter>
    </ClInclude>
    <ClInclude Include="..\Public\ShopNpc.h">
      <Filter>02.GameObjects\01.Actor\02.Npc\ShopNpc</Filter>
    </ClInclude>
    <ClInclude Include="..\Public\MarinNpc.h">
      <Filter>02.GameObjects\01.Actor\02.Npc\MarinNpc</Filter>
    </ClInclude>
    <ClInclude Include="..\Public\CraneGameNpc.h">
      <Filter>02.GameObjects\01.Actor\02.Npc\CraneGameNpc</Filter>
    </ClInclude>
    <ClInclude Include="..\Public\CraneButton.h">
      <Filter>02.GameObjects\03.AnimObject\04.CraneButton</Filter>
    </ClInclude>
    <ClInclude Include="..\Public\Crane.h">
      <Filter>02.GameObjects\02.NonAnimObject\08.Crane</Filter>
    </ClInclude>
    <ClInclude Include="..\Public\Cucco.h">
      <Filter>02.GameObjects\01.Actor\01.Monster\10.Cucco</Filter>
    </ClInclude>
    <ClInclude Include="..\Public\FieldDecoObject.h">
      <Filter>02.GameObjects\03.AnimObject\05.AnimDecoObject</Filter>
    </ClInclude>
    <ClInclude Include="..\Public\Sky.h">
      <Filter>02.GameObjects\02.NonAnimObject\01.Background</Filter>
    </ClInclude>
    <ClInclude Include="..\Public\Level_Tower.h">
      <Filter>01.Levels\05.Tower</Filter>
    </ClInclude>
    <ClInclude Include="..\Public\FieldNpc.h">
      <Filter>02.GameObjects\01.Actor\02.Npc\FieldNpc</Filter>
    </ClInclude>
    <ClInclude Include="..\Public\Albatoss.h">
      <Filter>02.GameObjects\01.Actor\01.Monster\11.Albatoss</Filter>
    </ClInclude>
    <ClInclude Include="..\Public\TarinNpc.h">
      <Filter>02.GameObjects\01.Actor\02.Npc\TarinNpc</Filter>
    </ClInclude>
    <ClInclude Include="..\Public\Effect.h">
      <Filter>02.GameObjects\05.Effect</Filter>
    </ClInclude>
    <ClInclude Include="..\Public\PlayerEffect.h">
      <Filter>02.GameObjects\05.Effect\PlayerEffect</Filter>
    </ClInclude>
    <ClInclude Include="..\Public\ObjectEffect.h">
      <Filter>02.GameObjects\05.Effect\ObjectEffect</Filter>
    </ClInclude>
    <ClInclude Include="..\Public\FightEffect.h">
      <Filter>02.GameObjects\05.Effect\FightEffect</Filter>
    </ClInclude>
    <ClInclude Include="..\Public\UI_Manager.h">
      <Filter>03.UI\Manager</Filter>
    </ClInclude>
    <ClInclude Include="..\Public\CameraManager.h">
      <Filter>04.Camera\Manager</Filter>
    </ClInclude>
    <ClInclude Include="..\Public\MonsterEffect.h">
      <Filter>02.GameObjects\05.Effect\MonsterEffect</Filter>
    </ClInclude>
    <ClInclude Include="..\Public\UIName.h">
      <Filter>03.UI\06. NameBox</Filter>
    </ClInclude>
    <ClInclude Include="..\Public\UIEffect.h">
      <Filter>03.UI\07. UIEffect</Filter>
    </ClInclude>
    <ClInclude Include="..\Public\UIIcon.h">
      <Filter>03.UI\08. Icon</Filter>
    </ClInclude>
    <ClInclude Include="..\public\UIScreen.h">
      <Filter>03.UI\01. Screen</Filter>
    </ClInclude>
    <ClInclude Include="..\Public\FireEffect.h">
      <Filter>02.GameObjects\05.Effect\ObjectEffect\Fire</Filter>
    </ClInclude>
    <ClInclude Include="..\Public\TreasureBoxEffect.h">
      <Filter>02.GameObjects\05.Effect\ObjectEffect\TreasureBox</Filter>
    </ClInclude>
    <ClInclude Include="..\Public\SwordTrail.h">
      <Filter>02.GameObjects\05.Effect\PlayerEffect\SwordTrail</Filter>
    </ClInclude>
    <ClInclude Include="..\Public\Level_End.h">
      <Filter>01.Levels\06.End</Filter>
    </ClInclude>
  </ItemGroup>
  <ItemGroup>
    <ClCompile Include="Client.cpp">
      <Filter>98.Default</Filter>
    </ClCompile>
    <ClCompile Include="stdafx.cpp">
      <Filter>98.Default</Filter>
    </ClCompile>
    <ClCompile Include="..\Private\MainApp.cpp">
      <Filter>00.MainApp</Filter>
    </ClCompile>
    <ClCompile Include="..\Private\Level_GamePlay.cpp">
      <Filter>01.Levels\02.GamePlay</Filter>
    </ClCompile>
    <ClCompile Include="..\Private\Level_Loading.cpp">
      <Filter>01.Levels\00.Loader</Filter>
    </ClCompile>
    <ClCompile Include="..\Private\Loader.cpp">
      <Filter>01.Levels\00.Loader</Filter>
    </ClCompile>
    <ClCompile Include="..\Private\Level_Logo.cpp">
      <Filter>01.Levels\01.Logo</Filter>
    </ClCompile>
    <ClCompile Include="..\Private\Terrain.cpp">
      <Filter>02.GameObjects\02.NonAnimObject\01.Background</Filter>
    </ClCompile>
    <ClCompile Include="..\Private\Camera_Dynamic.cpp">
      <Filter>04.Camera\00.Dynamic</Filter>
    </ClCompile>
    <ClCompile Include="..\Private\InvenTile.cpp">
      <Filter>03.UI\02. Inventory\00. InvenTile</Filter>
    </ClCompile>
    <ClCompile Include="..\Private\Obj_UI.cpp">
      <Filter>03.UI\00. ObjUI%28Base%29</Filter>
    </ClCompile>
    <ClCompile Include="..\Private\UIButton.cpp">
      <Filter>03.UI\04. Button</Filter>
    </ClCompile>
    <ClCompile Include="..\Private\InvenItem.cpp">
      <Filter>03.UI\02. Inventory\01. InvenItem</Filter>
    </ClCompile>
    <ClCompile Include="..\Private\BaseObj.cpp">
      <Filter>02.GameObjects\00.BaseObj</Filter>
    </ClCompile>
    <ClCompile Include="..\Private\Player.cpp">
      <Filter>02.GameObjects\01.Actor\00.Player</Filter>
    </ClCompile>
    <ClCompile Include="..\Private\Monster.cpp">
      <Filter>02.GameObjects\01.Actor\01.Monster</Filter>
    </ClCompile>
    <ClCompile Include="..\Private\Octorock.cpp">
      <Filter>02.GameObjects\01.Actor\01.Monster\00.Octorock</Filter>
    </ClCompile>
    <ClCompile Include="..\Private\MoblinSword.cpp">
      <Filter>02.GameObjects\01.Actor\01.Monster\01.MoblinSword</Filter>
    </ClCompile>
    <ClCompile Include="..\Private\NonAnim.cpp">
      <Filter>02.GameObjects\02.NonAnimObject</Filter>
    </ClCompile>
    <ClCompile Include="..\Private\Level_TailCave.cpp">
      <Filter>01.Levels\03.TailCave</Filter>
    </ClCompile>
    <ClCompile Include="..\Private\Rola.cpp">
      <Filter>02.GameObjects\01.Actor\01.Monster\02.Rola</Filter>
    </ClCompile>
    <ClCompile Include="..\Private\Collision_Manger.cpp">
      <Filter>94.CollisionMgr</Filter>
    </ClCompile>
    <ClCompile Include="..\Private\MonsterBullet.cpp">
      <Filter>02.GameObjects\04.Bullet\00.MonsterBullet</Filter>
    </ClCompile>
    <ClCompile Include="..\Private\PlayerBullet.cpp">
      <Filter>02.GameObjects\04.Bullet\01.PlayerBullet</Filter>
    </ClCompile>
    <ClCompile Include="..\Private\Weapon.cpp">
      <Filter>02.GameObjects\01.Actor\00.Player\Weapon</Filter>
    </ClCompile>
    <ClCompile Include="..\Private\Pawn.cpp">
      <Filter>02.GameObjects\01.Actor\01.Monster\03.Pawn</Filter>
    </ClCompile>
    <ClCompile Include="..\Private\DgnKey.cpp">
      <Filter>02.GameObjects\02.NonAnimObject\02.DgnKey</Filter>
    </ClCompile>
    <ClCompile Include="..\Private\PlayerState.cpp">
      <Filter>03.UI\03. PlayerState</Filter>
    </ClCompile>
    <ClCompile Include="..\Private\TreasureBox.cpp">
      <Filter>02.GameObjects\03.AnimObject\00.Treasurebox</Filter>
    </ClCompile>
    <ClCompile Include="..\Private\FootSwitch.cpp">
      <Filter>02.GameObjects\03.AnimObject\01.FootSwitch</Filter>
    </ClCompile>
    <ClCompile Include="..\Private\Data_Manager.cpp">
      <Filter>93.DataManager</Filter>
    </ClCompile>
    <ClCompile Include="..\Private\MessageBox.cpp">
      <Filter>03.UI\05. MessageBox</Filter>
    </ClCompile>
    <ClCompile Include="..\Private\BuzzBlob.cpp">
      <Filter>02.GameObjects\01.Actor\01.Monster\04.BuzzBlob</Filter>
    </ClCompile>
    <ClCompile Include="..\Private\TailBoss.cpp">
      <Filter>02.GameObjects\01.Actor\01.Monster\05.TailBoss</Filter>
    </ClCompile>
    <ClCompile Include="..\Private\CollapseTile.cpp">
      <Filter>02.GameObjects\02.NonAnimObject\03.CollapseTile</Filter>
    </ClCompile>
    <ClCompile Include="..\Private\Door.cpp">
      <Filter>02.GameObjects\03.AnimObject\02.Door</Filter>
    </ClCompile>
    <ClCompile Include="..\Private\RedZol.cpp">
      <Filter>02.GameObjects\01.Actor\01.Monster\06.RedZol</Filter>
    </ClCompile>
    <ClCompile Include="..\Private\Keese.cpp">
      <Filter>02.GameObjects\01.Actor\01.Monster\07.Keese</Filter>
    </ClCompile>
    <ClCompile Include="..\Private\SquareBlock.cpp">
      <Filter>02.GameObjects\02.NonAnimObject\04.SquareBlock</Filter>
    </ClCompile>
    <ClCompile Include="..\Private\Tail.cpp">
      <Filter>02.GameObjects\01.Actor\01.Monster\08.Tail</Filter>
    </ClCompile>
    <ClCompile Include="..\Private\Togezo.cpp">
      <Filter>02.GameObjects\01.Actor\01.Monster\09.Togezo</Filter>
    </ClCompile>
    <ClCompile Include="..\Private\BladeTrap.cpp">
      <Filter>02.GameObjects\03.AnimObject\03.BladeTrap</Filter>
    </ClCompile>
    <ClCompile Include="..\Private\Portal.cpp">
      <Filter>02.GameObjects\02.NonAnimObject\05.Portal</Filter>
    </ClCompile>
    <ClCompile Include="..\Private\Camera_2D.cpp">
      <Filter>04.Camera\01.2DCam</Filter>
    </ClCompile>
    <ClCompile Include="..\Private\PrizeItem.cpp">
      <Filter>02.GameObjects\02.NonAnimObject\06.PrizeItem</Filter>
    </ClCompile>
    <ClCompile Include="..\Private\Grass.cpp">
      <Filter>02.GameObjects\02.NonAnimObject\07.Grass</Filter>
    </ClCompile>
    <ClCompile Include="..\Private\Level_Room.cpp">
      <Filter>01.Levels\04.Room</Filter>
    </ClCompile>
    <ClCompile Include="..\Private\Npc.cpp">
      <Filter>02.GameObjects\01.Actor\02.Npc</Filter>
    </ClCompile>
    <ClCompile Include="..\Private\ShopNpc.cpp">
      <Filter>02.GameObjects\01.Actor\02.Npc\ShopNpc</Filter>
    </ClCompile>
    <ClCompile Include="..\Private\MarinNpc.cpp">
      <Filter>02.GameObjects\01.Actor\02.Npc\MarinNpc</Filter>
    </ClCompile>
    <ClCompile Include="..\Private\CraneGameNpc.cpp">
      <Filter>02.GameObjects\01.Actor\02.Npc\CraneGameNpc</Filter>
    </ClCompile>
    <ClCompile Include="..\Private\CraneButton.cpp">
      <Filter>02.GameObjects\03.AnimObject\04.CraneButton</Filter>
    </ClCompile>
    <ClCompile Include="..\Private\Crane.cpp">
      <Filter>02.GameObjects\02.NonAnimObject\08.Crane</Filter>
    </ClCompile>
    <ClCompile Include="..\Private\Cucco.cpp">
      <Filter>02.GameObjects\01.Actor\01.Monster\10.Cucco</Filter>
    </ClCompile>
    <ClCompile Include="..\Private\FieldDecoObject.cpp">
      <Filter>02.GameObjects\03.AnimObject\05.AnimDecoObject</Filter>
    </ClCompile>
    <ClCompile Include="..\Private\Sky.cpp">
      <Filter>02.GameObjects\02.NonAnimObject\01.Background</Filter>
    </ClCompile>
    <ClCompile Include="..\Private\Level_Tower.cpp">
      <Filter>01.Levels\05.Tower</Filter>
    </ClCompile>
    <ClCompile Include="..\Private\FieldNpc.cpp">
      <Filter>02.GameObjects\01.Actor\02.Npc\FieldNpc</Filter>
    </ClCompile>
    <ClCompile Include="..\Private\Albatoss.cpp">
      <Filter>02.GameObjects\01.Actor\01.Monster\11.Albatoss</Filter>
    </ClCompile>
    <ClCompile Include="..\Private\TarinNpc.cpp">
      <Filter>02.GameObjects\01.Actor\02.Npc\TarinNpc</Filter>
    </ClCompile>
    <ClCompile Include="..\Private\Effect.cpp">
      <Filter>02.GameObjects\05.Effect</Filter>
    </ClCompile>
    <ClCompile Include="..\Private\PlayerEffect.cpp">
      <Filter>02.GameObjects\05.Effect\PlayerEffect</Filter>
    </ClCompile>
    <ClCompile Include="..\Private\ObjectEffect.cpp">
      <Filter>02.GameObjects\05.Effect\ObjectEffect</Filter>
    </ClCompile>
    <ClCompile Include="..\Private\FightEffect.cpp">
      <Filter>02.GameObjects\05.Effect\FightEffect</Filter>
    </ClCompile>
    <ClCompile Include="..\Private\UI_Manager.cpp">
      <Filter>03.UI\Manager</Filter>
    </ClCompile>
    <ClCompile Include="..\Private\CameraManager.cpp">
      <Filter>04.Camera\Manager</Filter>
    </ClCompile>
    <ClCompile Include="..\Private\MonsterEffect.cpp">
      <Filter>02.GameObjects\05.Effect\MonsterEffect</Filter>
    </ClCompile>
    <ClCompile Include="..\Private\UIName.cpp">
      <Filter>03.UI\06. NameBox</Filter>
    </ClCompile>
    <ClCompile Include="..\Private\UIEffect.cpp">
      <Filter>03.UI\07. UIEffect</Filter>
    </ClCompile>
    <ClCompile Include="..\Private\UIIcon.cpp">
      <Filter>03.UI\08. Icon</Filter>
    </ClCompile>
    <ClCompile Include="..\private\UIScreen.cpp">
      <Filter>03.UI\01. Screen</Filter>
    </ClCompile>
    <ClCompile Include="..\Private\FireEffect.cpp">
      <Filter>02.GameObjects\05.Effect\ObjectEffect\Fire</Filter>
    </ClCompile>
    <ClCompile Include="..\Private\TreasureBoxEffect.cpp">
      <Filter>02.GameObjects\05.Effect\ObjectEffect\TreasureBox</Filter>
    </ClCompile>
    <ClCompile Include="..\Private\SwordTrail.cpp">
      <Filter>02.GameObjects\05.Effect\PlayerEffect\SwordTrail</Filter>
    </ClCompile>
    <ClCompile Include="..\Private\Level_End.cpp">
      <Filter>01.Levels\06.End</Filter>
    </ClCompile>
  </ItemGroup>
  <ItemGroup>
    <Image Include="Client.ico">
      <Filter>98.Default</Filter>
    </Image>
    <Image Include="small.ico">
      <Filter>98.Default</Filter>
    </Image>
  </ItemGroup>
  <ItemGroup>
    <ResourceCompile Include="Client.rc">
      <Filter>98.Default</Filter>
    </ResourceCompile>
  </ItemGroup>
  <ItemGroup>
    <FxCompile Include="..\..\..\Bin\ShaderFiles\Shader_UI.hlsl">
      <Filter>97.ShaderFiles</Filter>
    </FxCompile>
    <FxCompile Include="..\..\..\Bin\ShaderFiles\Shader_VtxAnimModel.hlsl">
      <Filter>97.ShaderFiles</Filter>
    </FxCompile>
    <FxCompile Include="..\..\..\Bin\ShaderFiles\Shader_VtxModel.hlsl">
      <Filter>97.ShaderFiles</Filter>
    </FxCompile>
    <FxCompile Include="..\..\..\Bin\ShaderFiles\Shader_VtxNorTex.hlsl">
      <Filter>97.ShaderFiles</Filter>
    </FxCompile>
    <FxCompile Include="..\..\..\Bin\ShaderFiles\Shader_EffectTexture.hlsl">
      <Filter>97.ShaderFiles</Filter>
    </FxCompile>
    <FxCompile Include="..\..\..\Bin\ShaderFiles\Shader_EffectModel.hlsl">
      <Filter>97.ShaderFiles</Filter>
    </FxCompile>
    <FxCompile Include="..\..\..\Bin\ShaderFiles\Shader_EffectFire.hlsl">
      <Filter>97.ShaderFiles</Filter>
    </FxCompile>
  </ItemGroup>
</Project>