<?xml version="1.0" encoding="utf-8"?>
<Project ToolsVersion="4.0" xmlns="http://schemas.microsoft.com/developer/msbuild/2003">
  <ItemGroup>
    <ClCompile Include="..\Private\GameInstance.cpp">
      <Filter>01.Utility\00.GameInstance</Filter>
    </ClCompile>
    <ClCompile Include="..\Private\Base.cpp">
      <Filter>01.Utility\04.SuperClass</Filter>
    </ClCompile>
    <ClCompile Include="..\Private\Component.cpp">
      <Filter>01.Utility\03.Components</Filter>
    </ClCompile>
    <ClCompile Include="..\Private\GameObject.cpp">
      <Filter>01.Utility\02.GameObjects</Filter>
    </ClCompile>
    <ClCompile Include="..\Private\Level.cpp">
      <Filter>01.Utility\01.Levels</Filter>
    </ClCompile>
    <ClCompile Include="..\Private\Level_Manager.cpp">
      <Filter>01.Utility\01.Levels\00.Manager</Filter>
    </ClCompile>
    <ClCompile Include="..\Private\Component_Manager.cpp">
      <Filter>01.Utility\03.Components\00.Manager</Filter>
    </ClCompile>
    <ClCompile Include="..\Private\Object_Manager.cpp">
      <Filter>01.Utility\02.GameObjects\00.Manager</Filter>
    </ClCompile>
    <ClCompile Include="..\Private\Camera.cpp">
      <Filter>01.Utility\02.GameObjects\01.Camera</Filter>
    </ClCompile>
    <ClCompile Include="..\Private\Layer.cpp">
      <Filter>01.Utility\02.GameObjects\00.Manager\Layer</Filter>
    </ClCompile>
    <ClCompile Include="..\Private\Renderer.cpp">
      <Filter>01.Utility\03.Components\01.Renderer</Filter>
    </ClCompile>
    <ClCompile Include="..\Private\Timer_Manager.cpp">
      <Filter>00.System\02.Timer</Filter>
    </ClCompile>
    <ClCompile Include="..\Private\Timer.cpp">
      <Filter>00.System\02.Timer</Filter>
    </ClCompile>
    <ClCompile Include="..\Private\Input_Device.cpp">
      <Filter>00.System\01.Input</Filter>
    </ClCompile>
    <ClCompile Include="..\Private\Graphic_Device.cpp">
      <Filter>00.System\00.Graphic</Filter>
    </ClCompile>
    <ClCompile Include="..\private\VIBuffer.cpp">
      <Filter>01.Utility\03.Components\02.VIBuffer</Filter>
    </ClCompile>
    <ClCompile Include="..\private\VIBuffer_Rect.cpp">
      <Filter>01.Utility\03.Components\02.VIBuffer\01.Rect</Filter>
    </ClCompile>
    <ClCompile Include="..\private\Shader.cpp">
      <Filter>01.Utility\03.Components\03.Shader</Filter>
    </ClCompile>
    <ClCompile Include="..\Public\Engine_Struct.cpp">
      <Filter>99.Defines</Filter>
    </ClCompile>
    <ClCompile Include="..\private\Texture.cpp">
      <Filter>01.Utility\03.Components\04.Texture</Filter>
    </ClCompile>
    <ClCompile Include="..\private\Transform.cpp">
      <Filter>01.Utility\03.Components\05.Transform</Filter>
    </ClCompile>
    <ClCompile Include="..\Private\VIBuffer_Terrain.cpp">
      <Filter>01.Utility\03.Components\02.VIBuffer\02.Terrain</Filter>
    </ClCompile>
    <ClCompile Include="..\private\PipeLine.cpp">
      <Filter>01.Utility\05.PipeLine</Filter>
    </ClCompile>
    <ClCompile Include="..\private\Light.cpp">
      <Filter>01.Utility\06.Lights</Filter>
    </ClCompile>
    <ClCompile Include="..\private\Light_Manager.cpp">
      <Filter>01.Utility\06.Lights\Manager</Filter>
    </ClCompile>
    <ClCompile Include="..\private\Font_Manager.cpp">
      <Filter>01.Utility\07.Fonts\Manager</Filter>
    </ClCompile>
    <ClCompile Include="..\private\CustomFont.cpp">
      <Filter>01.Utility\07.Fonts</Filter>
    </ClCompile>
    <ClCompile Include="..\private\Model.cpp">
      <Filter>01.Utility\03.Components\06.Model</Filter>
    </ClCompile>
    <ClCompile Include="..\private\MeshContainer.cpp">
      <Filter>01.Utility\03.Components\06.Model\MeshContainer</Filter>
    </ClCompile>
    <ClCompile Include="..\private\HierarchyNode.cpp">
      <Filter>01.Utility\03.Components\06.Model\HierarchyNode</Filter>
    </ClCompile>
    <ClCompile Include="..\private\Animation.cpp">
      <Filter>01.Utility\03.Components\06.Model\Animation</Filter>
    </ClCompile>
    <ClCompile Include="..\private\Channel.cpp">
      <Filter>01.Utility\03.Components\06.Model\Animation\Channel</Filter>
    </ClCompile>
    <ClCompile Include="..\private\Collider.cpp">
      <Filter>01.Utility\03.Components\07.Collider</Filter>
    </ClCompile>
    <ClCompile Include="..\Private\DebugDraw.cpp">
      <Filter>01.Utility\03.Components\07.Collider\DebugDraw</Filter>
    </ClCompile>
    <ClCompile Include="..\private\Navigation.cpp">
      <Filter>01.Utility\03.Components\08.Navigation</Filter>
    </ClCompile>
    <ClCompile Include="..\private\Cell.cpp">
      <Filter>01.Utility\03.Components\08.Navigation\Cell</Filter>
    </ClCompile>
    <ClCompile Include="..\Private\VIBuffer_Navigation.cpp">
      <Filter>01.Utility\03.Components\02.VIBuffer\03.Navigation</Filter>
    </ClCompile>
    <ClCompile Include="..\private\VIBuffer_Instance.cpp">
      <Filter>01.Utility\03.Components\02.VIBuffer\04.Instancing</Filter>
    </ClCompile>
    <ClCompile Include="..\private\VIBuffer_Rect_Instance.cpp">
      <Filter>01.Utility\03.Components\02.VIBuffer\04.Instancing\VIBuffer_Rect_Instance</Filter>
    </ClCompile>
    <ClCompile Include="..\Private\VIBuffer_Point_Instance.cpp">
      <Filter>01.Utility\03.Components\02.VIBuffer\04.Instancing\VIBuffer_Point_Instance</Filter>
    </ClCompile>
    <ClCompile Include="..\Private\VIBuffer_Cube.cpp">
      <Filter>01.Utility\03.Components\02.VIBuffer\05.Cube</Filter>
    </ClCompile>
    <ClCompile Include="..\private\Frustum.cpp">
      <Filter>01.Utility\08.Frustum</Filter>
    </ClCompile>
    <ClCompile Include="..\private\QuadTree.cpp">
      <Filter>01.Utility\03.Components\02.VIBuffer\02.Terrain\QuadTree</Filter>
    </ClCompile>
    <ClCompile Include="..\private\Target_Manager.cpp">
      <Filter>01.Utility\09.RenderTargets\Manager</Filter>
    </ClCompile>
    <ClCompile Include="..\private\RenderTarget.cpp">
      <Filter>01.Utility\09.RenderTargets</Filter>
    </ClCompile>
    <ClCompile Include="..\Private\Sound_Manager.cpp">
      <Filter>00.System\03.Sound</Filter>
    </ClCompile>
    <ClCompile Include="..\Private\Picking.cpp">
      <Filter>01.Utility\10.Picking</Filter>
    </ClCompile>
    <ClCompile Include="..\Private\VIBuffer_Point.cpp">
      <Filter>01.Utility\03.Components\02.VIBuffer\06.VIBuffer_Point</Filter>
    </ClCompile>
    <ClCompile Include="..\Private\MeshContainer_Instance.cpp">
      <Filter>01.Utility\03.Components\06.Model\MeshContainer_Instance</Filter>
    </ClCompile>
    <ClCompile Include="..\Private\PhysX.cpp">
      <Filter>01.Utility\11.PhysX</Filter>
    </ClCompile>
  </ItemGroup>
  <ItemGroup>
    <ClInclude Include="..\Public\Engine_Defines.h">
      <Filter>99.Defines</Filter>
    </ClInclude>
    <ClInclude Include="..\Public\Engine_Function.h">
      <Filter>99.Defines</Filter>
    </ClInclude>
    <ClInclude Include="..\Public\Engine_Macro.h">
      <Filter>99.Defines</Filter>
    </ClInclude>
    <ClInclude Include="..\Public\Engine_Struct.h">
      <Filter>99.Defines</Filter>
    </ClInclude>
    <ClInclude Include="..\Public\Engine_Typedef.h">
      <Filter>99.Defines</Filter>
    </ClInclude>
    <ClInclude Include="..\Public\GameInstance.h">
      <Filter>01.Utility\00.GameInstance</Filter>
    </ClInclude>
    <ClInclude Include="..\Public\Base.h">
      <Filter>01.Utility\04.SuperClass</Filter>
    </ClInclude>
    <ClInclude Include="..\Public\Component.h">
      <Filter>01.Utility\03.Components</Filter>
    </ClInclude>
    <ClInclude Include="..\Public\GameObject.h">
      <Filter>01.Utility\02.GameObjects</Filter>
    </ClInclude>
    <ClInclude Include="..\Public\Level.h">
      <Filter>01.Utility\01.Levels</Filter>
    </ClInclude>
    <ClInclude Include="..\Public\Level_Manager.h">
      <Filter>01.Utility\01.Levels\00.Manager</Filter>
    </ClInclude>
    <ClInclude Include="..\Public\Component_Manager.h">
      <Filter>01.Utility\03.Components\00.Manager</Filter>
    </ClInclude>
    <ClInclude Include="..\Public\Object_Manager.h">
      <Filter>01.Utility\02.GameObjects\00.Manager</Filter>
    </ClInclude>
    <ClInclude Include="..\Public\Camera.h">
      <Filter>01.Utility\02.GameObjects\01.Camera</Filter>
    </ClInclude>
    <ClInclude Include="..\Public\Layer.h">
      <Filter>01.Utility\02.GameObjects\00.Manager\Layer</Filter>
    </ClInclude>
    <ClInclude Include="..\Public\Renderer.h">
      <Filter>01.Utility\03.Components\01.Renderer</Filter>
    </ClInclude>
    <ClInclude Include="..\Public\Timer_Manager.h">
      <Filter>00.System\02.Timer</Filter>
    </ClInclude>
    <ClInclude Include="..\Public\Timer.h">
      <Filter>00.System\02.Timer</Filter>
    </ClInclude>
    <ClInclude Include="..\Public\Input_Device.h">
      <Filter>00.System\01.Input</Filter>
    </ClInclude>
    <ClInclude Include="..\Public\Graphic_Device.h">
      <Filter>00.System\00.Graphic</Filter>
    </ClInclude>
    <ClInclude Include="..\public\VIBuffer.h">
      <Filter>01.Utility\03.Components\02.VIBuffer</Filter>
    </ClInclude>
    <ClInclude Include="..\public\VIBuffer_Rect.h">
      <Filter>01.Utility\03.Components\02.VIBuffer\01.Rect</Filter>
    </ClInclude>
    <ClInclude Include="..\Public\Shader.h">
      <Filter>01.Utility\03.Components\03.Shader</Filter>
    </ClInclude>
    <ClInclude Include="..\public\Texture.h">
      <Filter>01.Utility\03.Components\04.Texture</Filter>
    </ClInclude>
    <ClInclude Include="..\public\Transform.h">
      <Filter>01.Utility\03.Components\05.Transform</Filter>
    </ClInclude>
    <ClInclude Include="..\Public\VIBuffer_Terrain.h">
      <Filter>01.Utility\03.Components\02.VIBuffer\02.Terrain</Filter>
    </ClInclude>
    <ClInclude Include="..\public\PipeLine.h">
      <Filter>01.Utility\05.PipeLine</Filter>
    </ClInclude>
    <ClInclude Include="..\public\Light.h">
      <Filter>01.Utility\06.Lights</Filter>
    </ClInclude>
    <ClInclude Include="..\public\Light_Manager.h">
      <Filter>01.Utility\06.Lights\Manager</Filter>
    </ClInclude>
    <ClInclude Include="..\public\Font_Manager.h">
      <Filter>01.Utility\07.Fonts\Manager</Filter>
    </ClInclude>
    <ClInclude Include="..\public\CustomFont.h">
      <Filter>01.Utility\07.Fonts</Filter>
    </ClInclude>
    <ClInclude Include="..\public\MeshContainer.h">
      <Filter>01.Utility\03.Components\06.Model\MeshContainer</Filter>
    </ClInclude>
    <ClInclude Include="..\public\HierarchyNode.h">
      <Filter>01.Utility\03.Components\06.Model\HierarchyNode</Filter>
    </ClInclude>
    <ClInclude Include="..\public\Animation.h">
      <Filter>01.Utility\03.Components\06.Model\Animation</Filter>
    </ClInclude>
    <ClInclude Include="..\public\Channel.h">
      <Filter>01.Utility\03.Components\06.Model\Animation\Channel</Filter>
    </ClInclude>
    <ClInclude Include="..\public\Collider.h">
      <Filter>01.Utility\03.Components\07.Collider</Filter>
    </ClInclude>
    <ClInclude Include="..\Public\DebugDraw.h">
      <Filter>01.Utility\03.Components\07.Collider\DebugDraw</Filter>
    </ClInclude>
    <ClInclude Include="..\public\Navigation.h">
      <Filter>01.Utility\03.Components\08.Navigation</Filter>
    </ClInclude>
    <ClInclude Include="..\public\Cell.h">
      <Filter>01.Utility\03.Components\08.Navigation\Cell</Filter>
    </ClInclude>
    <ClInclude Include="..\Public\VIBuffer_Navigation.h">
      <Filter>01.Utility\03.Components\02.VIBuffer\03.Navigation</Filter>
    </ClInclude>
    <ClInclude Include="..\public\VIBuffer_Instance.h">
      <Filter>01.Utility\03.Components\02.VIBuffer\04.Instancing</Filter>
    </ClInclude>
    <ClInclude Include="..\public\VIBuffer_Rect_Instance.h">
      <Filter>01.Utility\03.Components\02.VIBuffer\04.Instancing\VIBuffer_Rect_Instance</Filter>
    </ClInclude>
    <ClInclude Include="..\Public\VIBuffer_Point_Instance.h">
      <Filter>01.Utility\03.Components\02.VIBuffer\04.Instancing\VIBuffer_Point_Instance</Filter>
    </ClInclude>
    <ClInclude Include="..\Public\VIBuffer_Cube.h">
      <Filter>01.Utility\03.Components\02.VIBuffer\05.Cube</Filter>
    </ClInclude>
    <ClInclude Include="..\public\Frustum.h">
      <Filter>01.Utility\08.Frustum</Filter>
    </ClInclude>
    <ClInclude Include="..\public\QuadTree.h">
      <Filter>01.Utility\03.Components\02.VIBuffer\02.Terrain\QuadTree</Filter>
    </ClInclude>
    <ClInclude Include="..\public\Target_Manager.h">
      <Filter>01.Utility\09.RenderTargets\Manager</Filter>
    </ClInclude>
    <ClInclude Include="..\public\RenderTarget.h">
      <Filter>01.Utility\09.RenderTargets</Filter>
    </ClInclude>
    <ClInclude Include="..\Public\Sound_Manager.h">
      <Filter>00.System\03.Sound</Filter>
    </ClInclude>
    <ClInclude Include="..\Public\Picking.h">
      <Filter>01.Utility\10.Picking</Filter>
    </ClInclude>
    <ClInclude Include="..\public\Model.h">
      <Filter>01.Utility\03.Components\06.Model</Filter>
    </ClInclude>
    <ClInclude Include="..\Public\VIBuffer_Point.h">
      <Filter>01.Utility\03.Components\02.VIBuffer\06.VIBuffer_Point</Filter>
    </ClInclude>
    <ClInclude Include="..\Public\MeshContainer_Instance.h">
      <Filter>01.Utility\03.Components\06.Model\MeshContainer_Instance</Filter>
    </ClInclude>
    <ClInclude Include="..\Public\PhysX.h">
      <Filter>01.Utility\11.PhysX</Filter>
    </ClInclude>
  </ItemGroup>
  <ItemGroup>
    <Filter Include="00.System">
      <UniqueIdentifier>{60af43a7-9598-4fcf-bde7-f04830a5161a}</UniqueIdentifier>
    </Filter>
    <Filter Include="01.Utility">
      <UniqueIdentifier>{2adcb41e-6200-4c7b-9464-405713bd62e8}</UniqueIdentifier>
    </Filter>
    <Filter Include="99.Defines">
      <UniqueIdentifier>{55b1a2a9-513a-4235-82a0-27c08019a868}</UniqueIdentifier>
    </Filter>
    <Filter Include="01.Utility\00.GameInstance">
      <UniqueIdentifier>{a4831b69-f86d-41cc-8c69-a64633b8606a}</UniqueIdentifier>
    </Filter>
    <Filter Include="01.Utility\01.Levels">
      <UniqueIdentifier>{22310775-b5ee-43b2-bfa8-2399570253a5}</UniqueIdentifier>
    </Filter>
    <Filter Include="01.Utility\02.GameObjects">
      <UniqueIdentifier>{872c57f1-0264-4143-930f-cf319c610523}</UniqueIdentifier>
    </Filter>
    <Filter Include="01.Utility\03.Components">
      <UniqueIdentifier>{c3786549-166d-4ce4-bcc6-4f2a89592346}</UniqueIdentifier>
    </Filter>
    <Filter Include="01.Utility\04.SuperClass">
      <UniqueIdentifier>{7bf4f105-7889-41e6-a24d-3ae4778f0207}</UniqueIdentifier>
    </Filter>
    <Filter Include="01.Utility\01.Levels\00.Manager">
      <UniqueIdentifier>{8161e96d-95fe-49eb-a45f-b0cf1baec87d}</UniqueIdentifier>
    </Filter>
    <Filter Include="01.Utility\02.GameObjects\00.Manager">
      <UniqueIdentifier>{4450fac4-7831-4510-8eb2-b598c114b862}</UniqueIdentifier>
    </Filter>
    <Filter Include="01.Utility\03.Components\00.Manager">
      <UniqueIdentifier>{e048729c-d48a-4f2a-b0c4-6146fc9c1fbb}</UniqueIdentifier>
    </Filter>
    <Filter Include="01.Utility\02.GameObjects\01.Camera">
      <UniqueIdentifier>{6a6b818c-8fb0-48af-9cd3-3b8db8a78ea6}</UniqueIdentifier>
    </Filter>
    <Filter Include="01.Utility\02.GameObjects\00.Manager\Layer">
      <UniqueIdentifier>{40e50553-b9ec-49a5-96da-6472fafd1b33}</UniqueIdentifier>
    </Filter>
    <Filter Include="01.Utility\03.Components\01.Renderer">
      <UniqueIdentifier>{d4dbdd4a-70c4-4f07-9d88-3528d189c72a}</UniqueIdentifier>
    </Filter>
    <Filter Include="00.System\00.Graphic">
      <UniqueIdentifier>{cf24a4ac-9a5f-4f6d-be47-3c84d6779e1f}</UniqueIdentifier>
    </Filter>
    <Filter Include="00.System\01.Input">
      <UniqueIdentifier>{9da229bc-7dc1-47f5-80c5-7b6d535c3212}</UniqueIdentifier>
    </Filter>
    <Filter Include="00.System\02.Timer">
      <UniqueIdentifier>{9aecc0bc-09b1-4fb2-858a-2ffc6ee92a2b}</UniqueIdentifier>
    </Filter>
    <Filter Include="01.Utility\03.Components\02.VIBuffer">
      <UniqueIdentifier>{9e2a1fcb-be84-4fcc-a7ae-5acbb085d37b}</UniqueIdentifier>
    </Filter>
    <Filter Include="01.Utility\03.Components\02.VIBuffer\01.Rect">
      <UniqueIdentifier>{18206461-5c40-4d13-845d-b60ecb72d90d}</UniqueIdentifier>
    </Filter>
    <Filter Include="01.Utility\03.Components\03.Shader">
      <UniqueIdentifier>{716c1b85-435b-40da-9a65-60d802b78a45}</UniqueIdentifier>
    </Filter>
    <Filter Include="01.Utility\03.Components\04.Texture">
      <UniqueIdentifier>{5aefe80b-4dff-47c3-9d22-473a8c33e092}</UniqueIdentifier>
    </Filter>
    <Filter Include="01.Utility\03.Components\05.Transform">
      <UniqueIdentifier>{f79936aa-93a8-4a2e-9238-75668c6b5157}</UniqueIdentifier>
    </Filter>
    <Filter Include="01.Utility\03.Components\02.VIBuffer\02.Terrain">
      <UniqueIdentifier>{0c3ed8b7-1919-450f-b951-73803187f051}</UniqueIdentifier>
    </Filter>
    <Filter Include="01.Utility\05.PipeLine">
      <UniqueIdentifier>{101d33f5-1608-4649-9a8e-053ee235a0e8}</UniqueIdentifier>
    </Filter>
    <Filter Include="01.Utility\06.Lights">
      <UniqueIdentifier>{4f9ad076-0e07-4953-b698-5bb12be85383}</UniqueIdentifier>
    </Filter>
    <Filter Include="01.Utility\06.Lights\Manager">
      <UniqueIdentifier>{3826a6b1-d84a-45d4-8a22-89a3c6d2a61b}</UniqueIdentifier>
    </Filter>
    <Filter Include="01.Utility\07.Fonts">
      <UniqueIdentifier>{50b3415b-4464-4ac8-9edd-be3ff5ab06e8}</UniqueIdentifier>
    </Filter>
    <Filter Include="01.Utility\07.Fonts\Manager">
      <UniqueIdentifier>{eda1bc04-8f96-4f67-996e-728aefbb4382}</UniqueIdentifier>
    </Filter>
    <Filter Include="01.Utility\03.Components\06.Model">
      <UniqueIdentifier>{bed460e4-d3ed-45cb-ae1e-e146ba3321d1}</UniqueIdentifier>
    </Filter>
    <Filter Include="01.Utility\03.Components\06.Model\MeshContainer">
      <UniqueIdentifier>{975b48a2-5306-4158-a73e-270f6e05634d}</UniqueIdentifier>
    </Filter>
    <Filter Include="01.Utility\03.Components\06.Model\HierarchyNode">
      <UniqueIdentifier>{1ea7cecc-0833-4412-a529-1294f66709d9}</UniqueIdentifier>
    </Filter>
    <Filter Include="01.Utility\03.Components\06.Model\Animation">
      <UniqueIdentifier>{24cc1993-0bde-4bfc-bac8-6c0f579639da}</UniqueIdentifier>
    </Filter>
    <Filter Include="01.Utility\03.Components\06.Model\Animation\Channel">
      <UniqueIdentifier>{1af055fc-30c7-4fef-bed3-a8fe85d58f08}</UniqueIdentifier>
    </Filter>
    <Filter Include="01.Utility\03.Components\07.Collider">
      <UniqueIdentifier>{3730a946-9b6a-4a95-aff2-84bf9a0a8a06}</UniqueIdentifier>
    </Filter>
    <Filter Include="01.Utility\03.Components\07.Collider\DebugDraw">
      <UniqueIdentifier>{46713867-1480-48c7-b055-442805e96d96}</UniqueIdentifier>
    </Filter>
    <Filter Include="01.Utility\03.Components\08.Navigation">
      <UniqueIdentifier>{0d27c555-a015-484d-a1a2-a722a71f66b4}</UniqueIdentifier>
    </Filter>
    <Filter Include="01.Utility\03.Components\08.Navigation\Cell">
      <UniqueIdentifier>{73cffa4b-7884-4455-9d14-68d1dacb8563}</UniqueIdentifier>
    </Filter>
    <Filter Include="01.Utility\03.Components\02.VIBuffer\03.Navigation">
      <UniqueIdentifier>{cfcb20bd-7838-41c2-a844-9445f92ae0f3}</UniqueIdentifier>
    </Filter>
    <Filter Include="01.Utility\03.Components\02.VIBuffer\03.Navigation\Shader">
      <UniqueIdentifier>{34353687-6bfa-4506-8724-efdf0641aa42}</UniqueIdentifier>
    </Filter>
    <Filter Include="01.Utility\03.Components\02.VIBuffer\04.Instancing">
      <UniqueIdentifier>{2f670065-2dac-4fad-9e0a-94bd4ce4ebc2}</UniqueIdentifier>
    </Filter>
    <Filter Include="01.Utility\03.Components\02.VIBuffer\04.Instancing\VIBuffer_Rect_Instance">
      <UniqueIdentifier>{ad122b00-5d17-4365-b646-ed44e0543192}</UniqueIdentifier>
    </Filter>
    <Filter Include="01.Utility\03.Components\02.VIBuffer\04.Instancing\VIBuffer_Point_Instance">
      <UniqueIdentifier>{0d1f2348-d2d4-42ba-8ea7-bf9d1e916710}</UniqueIdentifier>
    </Filter>
    <Filter Include="01.Utility\03.Components\02.VIBuffer\05.Cube">
      <UniqueIdentifier>{2d104ffc-3a15-45fa-bfa6-2af55f61d467}</UniqueIdentifier>
    </Filter>
    <Filter Include="01.Utility\08.Frustum">
      <UniqueIdentifier>{65070295-0ec4-4e51-8f5c-0a93c15d7af9}</UniqueIdentifier>
    </Filter>
    <Filter Include="01.Utility\03.Components\02.VIBuffer\02.Terrain\QuadTree">
      <UniqueIdentifier>{c1979805-9e2e-4f2a-a252-3f8b60182bd4}</UniqueIdentifier>
    </Filter>
    <Filter Include="01.Utility\09.RenderTargets">
      <UniqueIdentifier>{6178ae2e-bce5-4833-915d-771b16a3ace9}</UniqueIdentifier>
    </Filter>
    <Filter Include="01.Utility\09.RenderTargets\Manager">
      <UniqueIdentifier>{d0b35215-9150-42c1-ae24-8caca1f32f7e}</UniqueIdentifier>
    </Filter>
    <Filter Include="01.Utility\03.Components\01.Renderer\Shader">
      <UniqueIdentifier>{524d76e5-b89c-4764-8b08-06adae5c8b44}</UniqueIdentifier>
    </Filter>
    <Filter Include="00.System\03.Sound">
      <UniqueIdentifier>{96befa80-0f70-428f-9eee-9e9258b6cfd5}</UniqueIdentifier>
    </Filter>
    <Filter Include="01.Utility\10.Picking">
      <UniqueIdentifier>{ce0968bd-70b4-4c72-a608-dd2b9b19d741}</UniqueIdentifier>
    </Filter>
    <Filter Include="01.Utility\03.Components\02.VIBuffer\06.VIBuffer_Point">
      <UniqueIdentifier>{6942cc0e-8b3a-4809-99f6-4d2d4898fa10}</UniqueIdentifier>
    </Filter>
    <Filter Include="01.Utility\03.Components\06.Model\MeshContainer_Instance">
      <UniqueIdentifier>{b51f527f-dc4a-48a6-89ea-37873b48cced}</UniqueIdentifier>
    </Filter>
    <Filter Include="01.Utility\11.PhysX">
      <UniqueIdentifier>{d97ed9aa-90fe-465b-b3bd-f7e726f22c8e}</UniqueIdentifier>
    </Filter>
  </ItemGroup>
  <ItemGroup>
    <FxCompile Include="..\..\..\Bin\ShaderFiles\Shader_Deferred.hlsl">
      <Filter>01.Utility\03.Components\01.Renderer\Shader</Filter>
    </FxCompile>
    <FxCompile Include="..\..\..\Bin\ShaderFiles\Shader_Navigation.hlsl">
      <Filter>01.Utility\03.Components\02.VIBuffer\03.Navigation\Shader</Filter>
    </FxCompile>
    <FxCompile Include="..\..\Client\Bin\ShaderFiles\Shader_PostProcessing.hlsl">
      <Filter>01.Utility\03.Components\01.Renderer\Shader</Filter>
    </FxCompile>
  </ItemGroup>
</Project>